
Microsoft Visual Studio Solution File, Format Version 12.00
# Visual Studio Version 17
VisualStudioVersion = 17.8.34601.278
MinimumVisualStudioVersion = 10.0.40219.1
Project("{9A19103F-16F7-4668-BE54-9A1E7A4F7556}") = "KnowWeatherApp.API", "KnowWeatherApp.API\KnowWeatherApp.API.csproj", "{1051A6C1-C6E7-430D-A9C7-F7A77E91E0BE}"
EndProject
Project("{9A19103F-16F7-4668-BE54-9A1E7A4F7556}") = "KnowWeatherApp.Domain", "KnowWeatherApp.Domain\KnowWeatherApp.Domain.csproj", "{50D5DC16-94E6-44ED-99F2-B6EF7D8A2E14}"
EndProject
Project("{9A19103F-16F7-4668-BE54-9A1E7A4F7556}") = "KnowWeatherApp.Functions", "KnowWeatherApp.Functions\KnowWeatherApp.Functions.csproj", "{14CCC779-09F9-4034-8493-C768F66EB099}"
EndProject
Project("{9A19103F-16F7-4668-BE54-9A1E7A4F7556}") = "KnowWeatherApp.Services", "KnowWeatherApp.Services\KnowWeatherApp.Services.csproj", "{11F0DDC7-2AC6-4FFF-98DB-5B93AF8A12B9}"
EndProject
Project("{9A19103F-16F7-4668-BE54-9A1E7A4F7556}") = "KnowWeatherApp.Services.Abstractions", "KnowWeatherApp.Services.Abstractions\KnowWeatherApp.Services.Abstractions.csproj", "{17701137-F105-4D38-B9E3-AF6AFB9CDD46}"
EndProject
Project("{9A19103F-16F7-4668-BE54-9A1E7A4F7556}") = "KnowWeatherApp.Persistence", "KnowWeatherApp.Persistence\KnowWeatherApp.Persistence.csproj", "{997D864C-D2B2-44EB-80D3-1E199940D725}"
EndProject
Project("{9A19103F-16F7-4668-BE54-9A1E7A4F7556}") = "KnowWeatherApp.Contracts", "KnowWeatherApp.Contracts\KnowWeatherApp.Contracts.csproj", "{F166626D-28F6-4583-9724-34D42F0F8A38}"
EndProject
Project("{2150E333-8FDC-42A3-9474-1A3956D46DE8}") = "Core", "Core", "{450FFA7F-4C5B-4103-9BB5-2DCB6C7D7623}"
EndProject
Project("{2150E333-8FDC-42A3-9474-1A3956D46DE8}") = "Infrastructure", "Infrastructure", "{07262CEE-B13D-4BEE-9AF0-423CB0FF8158}"
EndProject
Project("{2150E333-8FDC-42A3-9474-1A3956D46DE8}") = "Web", "Web", "{AE736D7A-6927-44EB-94AD-D332944337AE}"
EndProject
Global
	GlobalSection(SolutionConfigurationPlatforms) = preSolution
		Debug|Any CPU = Debug|Any CPU
		Release|Any CPU = Release|Any CPU
	EndGlobalSection
	GlobalSection(ProjectConfigurationPlatforms) = postSolution
		{1051A6C1-C6E7-430D-A9C7-F7A77E91E0BE}.Debug|Any CPU.ActiveCfg = Debug|Any CPU
		{1051A6C1-C6E7-430D-A9C7-F7A77E91E0BE}.Debug|Any CPU.Build.0 = Debug|Any CPU
		{1051A6C1-C6E7-430D-A9C7-F7A77E91E0BE}.Release|Any CPU.ActiveCfg = Release|Any CPU
		{1051A6C1-C6E7-430D-A9C7-F7A77E91E0BE}.Release|Any CPU.Build.0 = Release|Any CPU
		{50D5DC16-94E6-44ED-99F2-B6EF7D8A2E14}.Debug|Any CPU.ActiveCfg = Debug|Any CPU
		{50D5DC16-94E6-44ED-99F2-B6EF7D8A2E14}.Debug|Any CPU.Build.0 = Debug|Any CPU
		{50D5DC16-94E6-44ED-99F2-B6EF7D8A2E14}.Release|Any CPU.ActiveCfg = Release|Any CPU
		{50D5DC16-94E6-44ED-99F2-B6EF7D8A2E14}.Release|Any CPU.Build.0 = Release|Any CPU
		{14CCC779-09F9-4034-8493-C768F66EB099}.Debug|Any CPU.ActiveCfg = Debug|Any CPU
		{14CCC779-09F9-4034-8493-C768F66EB099}.Debug|Any CPU.Build.0 = Debug|Any CPU
		{14CCC779-09F9-4034-8493-C768F66EB099}.Release|Any CPU.ActiveCfg = Release|Any CPU
		{14CCC779-09F9-4034-8493-C768F66EB099}.Release|Any CPU.Build.0 = Release|Any CPU
		{11F0DDC7-2AC6-4FFF-98DB-5B93AF8A12B9}.Debug|Any CPU.ActiveCfg = Debug|Any CPU
		{11F0DDC7-2AC6-4FFF-98DB-5B93AF8A12B9}.Debug|Any CPU.Build.0 = Debug|Any CPU
		{11F0DDC7-2AC6-4FFF-98DB-5B93AF8A12B9}.Release|Any CPU.ActiveCfg = Release|Any CPU
		{11F0DDC7-2AC6-4FFF-98DB-5B93AF8A12B9}.Release|Any CPU.Build.0 = Release|Any CPU
		{17701137-F105-4D38-B9E3-AF6AFB9CDD46}.Debug|Any CPU.ActiveCfg = Debug|Any CPU
		{17701137-F105-4D38-B9E3-AF6AFB9CDD46}.Debug|Any CPU.Build.0 = Debug|Any CPU
		{17701137-F105-4D38-B9E3-AF6AFB9CDD46}.Release|Any CPU.ActiveCfg = Release|Any CPU
		{17701137-F105-4D38-B9E3-AF6AFB9CDD46}.Release|Any CPU.Build.0 = Release|Any CPU
		{997D864C-D2B2-44EB-80D3-1E199940D725}.Debug|Any CPU.ActiveCfg = Debug|Any CPU
		{997D864C-D2B2-44EB-80D3-1E199940D725}.Debug|Any CPU.Build.0 = Debug|Any CPU
		{997D864C-D2B2-44EB-80D3-1E199940D725}.Release|Any CPU.ActiveCfg = Release|Any CPU
		{997D864C-D2B2-44EB-80D3-1E199940D725}.Release|Any CPU.Build.0 = Release|Any CPU
		{F166626D-28F6-4583-9724-34D42F0F8A38}.Debug|Any CPU.ActiveCfg = Debug|Any CPU
		{F166626D-28F6-4583-9724-34D42F0F8A38}.Debug|Any CPU.Build.0 = Debug|Any CPU
		{F166626D-28F6-4583-9724-34D42F0F8A38}.Release|Any CPU.ActiveCfg = Release|Any CPU
		{F166626D-28F6-4583-9724-34D42F0F8A38}.Release|Any CPU.Build.0 = Release|Any CPU
	EndGlobalSection
	GlobalSection(SolutionProperties) = preSolution
		HideSolutionNode = FALSE
	EndGlobalSection
	GlobalSection(NestedProjects) = preSolution
		{1051A6C1-C6E7-430D-A9C7-F7A77E91E0BE} = {AE736D7A-6927-44EB-94AD-D332944337AE}
		{50D5DC16-94E6-44ED-99F2-B6EF7D8A2E14} = {450FFA7F-4C5B-4103-9BB5-2DCB6C7D7623}
		{14CCC779-09F9-4034-8493-C768F66EB099} = {07262CEE-B13D-4BEE-9AF0-423CB0FF8158}
		{11F0DDC7-2AC6-4FFF-98DB-5B93AF8A12B9} = {450FFA7F-4C5B-4103-9BB5-2DCB6C7D7623}
		{17701137-F105-4D38-B9E3-AF6AFB9CDD46} = {450FFA7F-4C5B-4103-9BB5-2DCB6C7D7623}
		{997D864C-D2B2-44EB-80D3-1E199940D725} = {07262CEE-B13D-4BEE-9AF0-423CB0FF8158}
		{F166626D-28F6-4583-9724-34D42F0F8A38} = {450FFA7F-4C5B-4103-9BB5-2DCB6C7D7623}
	EndGlobalSection
	GlobalSection(ExtensibilityGlobals) = postSolution
		SolutionGuid = {52177C18-40C7-4427-A813-6DE3A950D5D1}
	EndGlobalSection
EndGlobal
